{
  "name": "mock-emscripten",
  "lockfileVersion": 3,
  "requires": true,
  "packages": {
    "": {
      "dependencies": {
        "assemblyscript": "0.27.35"
      }
    },
    "node_modules/assemblyscript": {
      "version": "0.27.35",
      "resolved": "https://registry.npmjs.org/assemblyscript/-/assemblyscript-0.27.35.tgz",
      "integrity": "sha512-aAhrje38eLG7IWvF4jbKUeUcPAfE91gVPBcgcS/ZoNWLD3AjdZUyDNTmEajK2xDlq0vAn5ZiSIdNyHFPfE5JiQ==",
      "license": "Apache-2.0",
      "dependencies": {
        "binaryen": "116.0.0-nightly.20240114",
        "long": "^5.2.4"
      },
      "bin": {
        "asc": "bin/asc.js",
        "asinit": "bin/asinit.js"
      },
      "engines": {
        "node": ">=18",
        "npm": ">=10"
      },
      "funding": {
        "type": "opencollective",
        "url": "https://opencollective.com/assemblyscript"
      }
    },
    "node_modules/binaryen": {
      "version": "116.0.0-nightly.20240114",
      "resolved": "https://registry.npmjs.org/binaryen/-/binaryen-116.0.0-nightly.20240114.tgz",
      "integrity": "sha512-0GZrojJnuhoe+hiwji7QFaL3tBlJoA+KFUN7ouYSDGZLSo9CKM8swQX8n/UcbR0d1VuZKU+nhogNzv423JEu5A==",
      "license": "Apache-2.0",
      "bin": {
        "wasm-opt": "bin/wasm-opt",
        "wasm2js": "bin/wasm2js"
      }
    },
    "node_modules/long": {
      "version": "5.3.1",
      "resolved": "https://registry.npmjs.org/long/-/long-5.3.1.tgz",
      "integrity": "sha512-ka87Jz3gcx/I7Hal94xaN2tZEOPoUOEVftkQqZx2EeQRN7LGdfLlI3FvZ+7WDplm+vK2Urx9ULrvSowtdCieng==",
      "license": "Apache-2.0"
    }
  }
}
