lockfileVersion: '9.0'

settings:
  autoInstallPeers: true
  excludeLinksFromLockfile: false

importers:
  .:
    dependencies:
      assemblyscript-json:
        specifier: ^1.1.0
        version: 1.1.0
    devDependencies:
      '@permaweb/ao-loader':
        specifier: ^0.0.49
        version: 0.0.49
      '@types/node':
        specifier: ^20.0.0
        version: 20.19.11
      assemblyscript:
        specifier: ^0.27.0
        version: 0.27.37
      typescript:
        specifier: ^5.3.0
        version: 5.9.2

packages:
  '@permaweb/ao-loader@0.0.49':
    resolution:
      { integrity: sha512-pO5K33kCg2krt/yXKzPyg6VVgqhbQh7YEMVZjbanQZPJJkr00du4CWVXCh+BbmJm1z5g+miOIq42zCxHf01pGA== }
    engines: { node: '>=18' }

  '@permaweb/wasm-json-toolkit@0.2.9':
    resolution:
      { integrity: sha512-CGCeUwS+UeqUdvORiyG0LykkQXLTwS5TWc590CUkDfOYyBUSPv8pse0sJStvTC9LKAzuNx3ELBvmqHCI4muUAA== }
    hasBin: true

  '@permaweb/wasm-metering@0.2.2':
    resolution:
      { integrity: sha512-xM2MbPkHc4rzhTR6VH5eXtfC+liaYSuNCa0kPRaqSZO2gr1SirJWnzUBDa5VOfTBTgIlIVv5RW+Mkbt/VuK+oA== }
    hasBin: true

  '@types/node@20.19.11':
    resolution:
      { integrity: sha512-uug3FEEGv0r+jrecvUUpbY8lLisvIjg6AAic6a2bSP5OEOLeJsDSnvhCDov7ipFFMXS3orMpzlmi0ZcuGkBbow== }

  assemblyscript-json@1.1.0:
    resolution:
      { integrity: sha512-UbE8ts8csTWQgd5TnSPN7MRV9NveuHv1bVnKmDLoo/tzjqxkmsZb3lu59Uk8H7SGoqdkDSEE049alx/nHnSdFw== }

  assemblyscript@0.27.37:
    resolution:
      { integrity: sha512-YtY5k3PiV3SyUQ6gRlR2OCn8dcVRwkpiG/k2T5buoL2ymH/Z/YbaYWbk/f9mO2HTgEtGWjPiAQrIuvA7G/63Gg== }
    engines: { node: '>=18', npm: '>=10' }
    hasBin: true

  binaryen@116.0.0-nightly.20240114:
    resolution:
      { integrity: sha512-0GZrojJnuhoe+hiwji7QFaL3tBlJoA+KFUN7ouYSDGZLSo9CKM8swQX8n/UcbR0d1VuZKU+nhogNzv423JEu5A== }
    hasBin: true

  bn.js@4.12.2:
    resolution:
      { integrity: sha512-n4DSx829VRTRByMRGdjQ9iqsN0Bh4OolPsFnaZBLcbi8iXcB+kJ9s7EnRt4wILZNV3kPLHkRVfOc/HvhC3ovDw== }

  buffer-pipe@0.0.0:
    resolution:
      { integrity: sha512-PvKbsvQOH4dcUyUEvQQSs3CIkkuPcOHt3gKnXwf4HsPKFDxSN7bkmICVIWgOmW/jx/fAEGGn4mIayIJPLs7G8g== }

  buffer-pipe@0.0.3:
    resolution:
      { integrity: sha512-GlxfuD/NrKvCNs0Ut+7b1IHjylfdegMBxQIlZHj7bObKVQBxB5S84gtm2yu1mQ8/sSggceWBDPY0cPXgvX2MuA== }

  leb128@0.0.4:
    resolution:
      { integrity: sha512-2zejk0fCIgY8RVcc/KzvyfpDio5Oo8HgPZmkrOmdwmbk0KpKpgD+JKwikxKk8cZYkANIhwHK50SNukkCm3XkCQ== }

  long@5.3.2:
    resolution:
      { integrity: sha512-mNAgZ1GmyNhD7AuqnTG3/VQ26o760+ZYBPKjPvugO8+nLbYfX6TVpJPseBvopbdY+qpZ/lKUnmEc1LeZYS3QAA== }

  safe-buffer@5.2.1:
    resolution:
      { integrity: sha512-rp3So07KcdmmKbGvgaNxQSJr7bGVSVk5S9Eq1F+ppbRo70+YeaDxkw5Dd8NPN+GD6bjnYm2VuPuCXmpuYvmCXQ== }

  typescript@5.9.2:
    resolution:
      { integrity: sha512-CWBzXQrc/qOkhidw1OzBTQuYRbfyxDXJMVJ1XNwUHGROVmuaeiEm3OslpZ1RV96d7SKKjZKrSJu3+t/xlw3R9A== }
    engines: { node: '>=14.17' }
    hasBin: true

  undici-types@6.21.0:
    resolution:
      { integrity: sha512-iwDZqg0QAGrg9Rav5H4n0M64c3mkR59cJ6wQp+7C4nI0gsmExaedaYLNO44eT4AtBBwjbTiGPMlt2Md0T9H9JQ== }

snapshots:
  '@permaweb/ao-loader@0.0.49':
    dependencies:
      '@permaweb/wasm-metering': 0.2.2

  '@permaweb/wasm-json-toolkit@0.2.9':
    dependencies:
      buffer-pipe: 0.0.3
      leb128: 0.0.4
      safe-buffer: 5.2.1

  '@permaweb/wasm-metering@0.2.2':
    dependencies:
      '@permaweb/wasm-json-toolkit': 0.2.9
      leb128: 0.0.4

  '@types/node@20.19.11':
    dependencies:
      undici-types: 6.21.0

  assemblyscript-json@1.1.0: {}

  assemblyscript@0.27.37:
    dependencies:
      binaryen: 116.0.0-nightly.20240114
      long: 5.3.2

  binaryen@116.0.0-nightly.20240114: {}

  bn.js@4.12.2: {}

  buffer-pipe@0.0.0:
    dependencies:
      safe-buffer: 5.2.1

  buffer-pipe@0.0.3:
    dependencies:
      safe-buffer: 5.2.1

  leb128@0.0.4:
    dependencies:
      bn.js: 4.12.2
      buffer-pipe: 0.0.0

  long@5.3.2: {}

  safe-buffer@5.2.1: {}

  typescript@5.9.2: {}

  undici-types@6.21.0: {}
